
Microsoft Visual Studio Solution File, Format Version 12.00
# Visual Studio Version 17
VisualStudioVersion = 17.5.33424.131
MinimumVisualStudioVersion = 10.0.40219.1
Project("{FAE04EC0-301F-11D3-BF4B-00C04F79EFBC}") = "UdpTrafficGenerator", "UdpTrafficGenerator.csproj", "{43CB415C-0221-4894-9948-9D628DE94866}"
EndProject
Global
	GlobalSection(SolutionConfigurationPlatforms) = preSolution
		Debug|Any CPU = Debug|Any CPU
		Release|Any CPU = Release|Any CPU
	EndGlobalSection
	GlobalSection(ProjectConfigurationPlatforms) = postSolution
		{43CB415C-0221-4894-9948-9D628DE94866}.Debug|Any CPU.ActiveCfg = Debug|Any CPU
		{43CB415C-0221-4894-9948-9D628DE94866}.Debug|Any CPU.Build.0 = Debug|Any CPU
		{43CB415C-0221-4894-9948-9D628DE94866}.Release|Any CPU.ActiveCfg = Release|Any CPU
		{43CB415C-0221-4894-9948-9D628DE94866}.Release|Any CPU.Build.0 = Release|Any CPU
	EndGlobalSection
	GlobalSection(SolutionProperties) = preSolution
		HideSolutionNode = FALSE
	EndGlobalSection
	GlobalSection(ExtensibilityGlobals) = postSolution
		SolutionGuid = {FA8A6102-71B4-4178-B61D-8CD791767713}
	EndGlobalSection
EndGlobal
